
Microsoft Visual Studio Solution File, Format Version 12.00
# Visual Studio Version 17
VisualStudioVersion = 17.12.35527.113
MinimumVisualStudioVersion = 10.0.40219.1
Project("{FAE04EC0-301F-11D3-BF4B-00C04F79EFBC}") = "msi_GA", "msi_GA\msi_GA.csproj", "{733C30ED-858C-4507-A685-02083BD9F3EC}"
EndProject
Project("{2150E333-8FDC-42A3-9474-1A3956D46DE8}") = "Elementy rozwiązania", "Elementy rozwiązania", "{5D0D8D23-CEED-4467-80F8-6DBEEE91EF39}"
EndProject
Global
	GlobalSection(SolutionConfigurationPlatforms) = preSolution
		Debug|Any CPU = Debug|Any CPU
		Release|Any CPU = Release|Any CPU
	EndGlobalSection
	GlobalSection(ProjectConfigurationPlatforms) = postSolution
		{733C30ED-858C-4507-A685-02083BD9F3EC}.Debug|Any CPU.ActiveCfg = Debug|Any CPU
		{733C30ED-858C-4507-A685-02083BD9F3EC}.Debug|Any CPU.Build.0 = Debug|Any CPU
		{733C30ED-858C-4507-A685-02083BD9F3EC}.Release|Any CPU.ActiveCfg = Release|Any CPU
		{733C30ED-858C-4507-A685-02083BD9F3EC}.Release|Any CPU.Build.0 = Release|Any CPU
	EndGlobalSection
	GlobalSection(SolutionProperties) = preSolution
		HideSolutionNode = FALSE
	EndGlobalSection
EndGlobal
